{
  "version": 4,
  "terraform_version": "0.15.1",
  "serial": 9,
  "lineage": "6624abbd-dfc8-2f17-6ecf-46d781ccf868",
  "outputs": {
    "lb_ip": {
      "value": "ad454d219be084b59be2bc6fe13558bb-1880934318.us-east-1.elb.amazonaws.com",
      "type": "string"
    }
  },
  "resources": [
    {
      "mode": "data",
      "type": "aws_eks_cluster",
      "name": "cluster",
      "provider": "provider[\"registry.terraform.io/hashicorp/aws\"]",
      "instances": [
        {
          "schema_version": 0,
          "attributes": {
            "arn": "arn:aws:eks:us-east-1:980176075220:cluster/my-eks-cluster",
            "certificate_authority": [
              {
                "data": "LS0tLS1CRUdJTiBDRVJUSUZJQ0FURS0tLS0tCk1JSUN5RENDQWJDZ0F3SUJBZ0lCQURBTkJna3Foa2lHOXcwQkFRc0ZBREFWTVJNd0VRWURWUVFERXdwcmRXSmwKY201bGRHVnpNQjRYRFRJeE1EVXlNREF3TWpZd01Wb1hEVE14TURVeE9EQXdNall3TVZvd0ZURVRNQkVHQTFVRQpBeE1LYTNWaVpYSnVaWFJsY3pDQ0FTSXdEUVlKS29aSWh2Y05BUUVCQlFBRGdnRVBBRENDQVFvQ2dnRUJBTW5iCjdUZVdCcEpQTml4dDM0UDljQ3dNSFYwM3B4RGhRSHF3TktveFV1N3FWMVY2b0xYUlhMVFdKakZoVHRGa0d4blgKTThIcUNtOXdKUkt0TWxDYWN6TW9DSWROM0orRUdpQmhueldrY1lEMHFycll6MW9TbGRlbzMrSGlvYUt2NEVMbwpuUUtPeUhXYVV1ai9lQTdrZkk5b3kyWXFjMnBtRXVSMjFKVlBKTG1Nc2YvTGdrQWRaOC9GcjBDR3NBeXpRVDhICkVGSnJqUUV6dWJaQ2dIbml2aWJYTmRpQjdBbzBWeW45MzhEKzZ1Q3VpcnlTbVdnNDA3cHpZcjN5U1BEYW1NeXQKU3BCb0hFTUg1c3RKOENZUXpGcFB0SVhpb0Z4Nm5nM2o2RWROUXFKWU5tYk5IdHRwU3ZFUnp0VUt6aVJueFdEZQprNDZrVE5EM0J0TUJ0cVQxa0xNQ0F3RUFBYU1qTUNFd0RnWURWUjBQQVFIL0JBUURBZ0trTUE4R0ExVWRFd0VCCi93UUZNQU1CQWY4d0RRWUpLb1pJaHZjTkFRRUxCUUFEZ2dFQkFKZ2NKelpvdzdSVWh6clJmazlqZ3gycXVtd1UKMjluaWRQMUxTMit6QkZrWGZRYkg5eEJaNWVJTEVRQlhHOU5LMVBWaS96NExzMW5HZHFtR08zVlc0WFpXWFpHZQp3T2hveHB2SVo1LzdtKzlmWUszNFlKSG5BZ0h2M3ZvRjc3V1BwU3JQM2RDQk82cE0vMXVrMjhOaE9iV3RtU3psCktlVlRUMVZyUUNNQ3AzYXBUSDRtd21UZDFBbnJzOUgvbFZEdlhQSG5MbDZ0azV2akszRUF4SHI5dzNUclZ5Q0wKRUV5bnV2dmo2NnM5TDVPZVZlMnU3ZVJmNHpYbGI0ZEtSMCtSTmdHTllVZnVqMzBxWGZWcXo0UkcxZDhleW5ZRAo3cmJNVTdFaitZVDRDZk9SdkVpT2tuSWlNM2I4QUh2UE5EeHdEUk1EYTRWZDlHSTZBaWdlc2xUTSs3QT0KLS0tLS1FTkQgQ0VSVElGSUNBVEUtLS0tLQo="
              }
            ],
            "created_at": "2021-05-20 00:19:16.125 +0000 UTC",
            "enabled_cluster_log_types": [],
            "endpoint": "https://42E5BECF27F71D98F93310508C9B478A.gr7.us-east-1.eks.amazonaws.com",
            "id": "my-eks-cluster",
            "identity": [
              {
                "oidc": [
                  {
                    "issuer": "https://oidc.eks.us-east-1.amazonaws.com/id/42E5BECF27F71D98F93310508C9B478A"
                  }
                ]
              }
            ],
            "kubernetes_network_config": [
              {
                "service_ipv4_cidr": "172.20.0.0/16"
              }
            ],
            "name": "my-eks-cluster",
            "platform_version": "eks.6",
            "role_arn": "arn:aws:iam::980176075220:role/my-eks-cluster20210520001906390500000002",
            "status": "ACTIVE",
            "tags": {},
            "version": "1.18",
            "vpc_config": [
              {
                "cluster_security_group_id": "sg-027e171e81eeac9ca",
                "endpoint_private_access": false,
                "endpoint_public_access": true,
                "public_access_cidrs": [
                  "0.0.0.0/0"
                ],
                "security_group_ids": [
                  "sg-09d9d0d6009ad39bc"
                ],
                "subnet_ids": [
                  "subnet-033fd485c8c813ce7",
                  "subnet-0644ca9c54335ff38",
                  "subnet-0d2064e51d236ca8c"
                ],
                "vpc_id": "vpc-0ff9db06cdedc8a96"
              }
            ]
          },
          "sensitive_attributes": []
        }
      ]
    },
    {
      "mode": "data",
      "type": "terraform_remote_state",
      "name": "eks",
      "provider": "provider[\"terraform.io/builtin/terraform\"]",
      "instances": [
        {
          "schema_version": 0,
          "attributes": {
            "backend": "local",
            "config": {
              "value": {
                "path": "../my_eks/terraform.tfstate"
              },
              "type": [
                "object",
                {
                  "path": "string"
                }
              ]
            },
            "defaults": null,
            "outputs": {
              "value": {
                "cluster_endpoint": "https://42E5BECF27F71D98F93310508C9B478A.gr7.us-east-1.eks.amazonaws.com",
                "cluster_id": "my-eks-cluster",
                "cluster_name": "my-eks-cluster",
                "cluster_security_group_id": "sg-09d9d0d6009ad39bc",
                "config_map_aws_auth": [],
                "kubectl_config": "apiVersion: v1\r\npreferences: {}\r\nkind: Config\r\n\r\nclusters:\r\n- cluster:\r\n    server: https://42E5BECF27F71D98F93310508C9B478A.gr7.us-east-1.eks.amazonaws.com\r\n    certificate-authority-data: LS0tLS1CRUdJTiBDRVJUSUZJQ0FURS0tLS0tCk1JSUN5RENDQWJDZ0F3SUJBZ0lCQURBTkJna3Foa2lHOXcwQkFRc0ZBREFWTVJNd0VRWURWUVFERXdwcmRXSmwKY201bGRHVnpNQjRYRFRJeE1EVXlNREF3TWpZd01Wb1hEVE14TURVeE9EQXdNall3TVZvd0ZURVRNQkVHQTFVRQpBeE1LYTNWaVpYSnVaWFJsY3pDQ0FTSXdEUVlKS29aSWh2Y05BUUVCQlFBRGdnRVBBRENDQVFvQ2dnRUJBTW5iCjdUZVdCcEpQTml4dDM0UDljQ3dNSFYwM3B4RGhRSHF3TktveFV1N3FWMVY2b0xYUlhMVFdKakZoVHRGa0d4blgKTThIcUNtOXdKUkt0TWxDYWN6TW9DSWROM0orRUdpQmhueldrY1lEMHFycll6MW9TbGRlbzMrSGlvYUt2NEVMbwpuUUtPeUhXYVV1ai9lQTdrZkk5b3kyWXFjMnBtRXVSMjFKVlBKTG1Nc2YvTGdrQWRaOC9GcjBDR3NBeXpRVDhICkVGSnJqUUV6dWJaQ2dIbml2aWJYTmRpQjdBbzBWeW45MzhEKzZ1Q3VpcnlTbVdnNDA3cHpZcjN5U1BEYW1NeXQKU3BCb0hFTUg1c3RKOENZUXpGcFB0SVhpb0Z4Nm5nM2o2RWROUXFKWU5tYk5IdHRwU3ZFUnp0VUt6aVJueFdEZQprNDZrVE5EM0J0TUJ0cVQxa0xNQ0F3RUFBYU1qTUNFd0RnWURWUjBQQVFIL0JBUURBZ0trTUE4R0ExVWRFd0VCCi93UUZNQU1CQWY4d0RRWUpLb1pJaHZjTkFRRUxCUUFEZ2dFQkFKZ2NKelpvdzdSVWh6clJmazlqZ3gycXVtd1UKMjluaWRQMUxTMit6QkZrWGZRYkg5eEJaNWVJTEVRQlhHOU5LMVBWaS96NExzMW5HZHFtR08zVlc0WFpXWFpHZQp3T2hveHB2SVo1LzdtKzlmWUszNFlKSG5BZ0h2M3ZvRjc3V1BwU3JQM2RDQk82cE0vMXVrMjhOaE9iV3RtU3psCktlVlRUMVZyUUNNQ3AzYXBUSDRtd21UZDFBbnJzOUgvbFZEdlhQSG5MbDZ0azV2akszRUF4SHI5dzNUclZ5Q0wKRUV5bnV2dmo2NnM5TDVPZVZlMnU3ZVJmNHpYbGI0ZEtSMCtSTmdHTllVZnVqMzBxWGZWcXo0UkcxZDhleW5ZRAo3cmJNVTdFaitZVDRDZk9SdkVpT2tuSWlNM2I4QUh2UE5EeHdEUk1EYTRWZDlHSTZBaWdlc2xUTSs3QT0KLS0tLS1FTkQgQ0VSVElGSUNBVEUtLS0tLQo=\r\n  name: eks_my-eks-cluster\r\n\r\ncontexts:\r\n- context:\r\n    cluster: eks_my-eks-cluster\r\n    user: eks_my-eks-cluster\r\n  name: eks_my-eks-cluster\r\n\r\ncurrent-context: eks_my-eks-cluster\r\n\r\nusers:\r\n- name: eks_my-eks-cluster\r\n  user:\r\n    exec:\r\n      apiVersion: client.authentication.k8s.io/v1alpha1\r\n      command: aws-iam-authenticator\r\n      args:\r\n        - \"token\"\r\n        - \"-i\"\r\n        - \"my-eks-cluster\"\r\n",
                "region": "us-east-1"
              },
              "type": [
                "object",
                {
                  "cluster_endpoint": "string",
                  "cluster_id": "string",
                  "cluster_name": "string",
                  "cluster_security_group_id": "string",
                  "config_map_aws_auth": [
                    "tuple",
                    []
                  ],
                  "kubectl_config": "string",
                  "region": "string"
                }
              ]
            },
            "workspace": null
          },
          "sensitive_attributes": []
        }
      ]
    },
    {
      "mode": "managed",
      "type": "kubernetes_deployment",
      "name": "nginx",
      "provider": "provider[\"registry.terraform.io/hashicorp/kubernetes\"]",
      "instances": [
        {
          "schema_version": 1,
          "attributes": {
            "id": "default/scalable-nginx-example",
            "metadata": [
              {
                "annotations": null,
                "generate_name": "",
                "generation": 1,
                "labels": {
                  "App": "ScalableNginxExample"
                },
                "name": "scalable-nginx-example",
                "namespace": "default",
                "resource_version": "159216",
                "self_link": "",
                "uid": "6a6992df-cc34-432c-bd79-1692d3da6393"
              }
            ],
            "spec": [
              {
                "min_ready_seconds": 0,
                "paused": false,
                "progress_deadline_seconds": 600,
                "replicas": "2",
                "revision_history_limit": 10,
                "selector": [
                  {
                    "match_expressions": [],
                    "match_labels": {
                      "App": "ScalableNginxExample"
                    }
                  }
                ],
                "strategy": [
                  {
                    "rolling_update": [
                      {
                        "max_surge": "25%",
                        "max_unavailable": "25%"
                      }
                    ],
                    "type": "RollingUpdate"
                  }
                ],
                "template": [
                  {
                    "metadata": [
                      {
                        "annotations": null,
                        "generate_name": "",
                        "generation": 0,
                        "labels": {
                          "App": "ScalableNginxExample"
                        },
                        "name": "",
                        "namespace": "",
                        "resource_version": "",
                        "self_link": "",
                        "uid": ""
                      }
                    ],
                    "spec": [
                      {
                        "active_deadline_seconds": 0,
                        "affinity": [],
                        "automount_service_account_token": true,
                        "container": [
                          {
                            "args": null,
                            "command": null,
                            "env": [],
                            "env_from": [],
                            "image": "nginx:1.7.8",
                            "image_pull_policy": "IfNotPresent",
                            "lifecycle": [],
                            "liveness_probe": [],
                            "name": "example",
                            "port": [
                              {
                                "container_port": 80,
                                "host_ip": "",
                                "host_port": 0,
                                "name": "",
                                "protocol": "TCP"
                              }
                            ],
                            "readiness_probe": [],
                            "resources": [
                              {
                                "limits": {
                                  "cpu": "500m",
                                  "memory": "512Mi"
                                },
                                "requests": {
                                  "cpu": "250m",
                                  "memory": "50Mi"
                                }
                              }
                            ],
                            "security_context": [],
                            "startup_probe": [],
                            "stdin": false,
                            "stdin_once": false,
                            "termination_message_path": "/dev/termination-log",
                            "termination_message_policy": "File",
                            "tty": false,
                            "volume_mount": [],
                            "working_dir": ""
                          }
                        ],
                        "dns_config": [],
                        "dns_policy": "ClusterFirst",
                        "enable_service_links": true,
                        "host_aliases": [],
                        "host_ipc": false,
                        "host_network": false,
                        "host_pid": false,
                        "hostname": "",
                        "image_pull_secrets": [],
                        "init_container": [],
                        "node_name": "",
                        "node_selector": null,
                        "priority_class_name": "",
                        "readiness_gate": [],
                        "restart_policy": "Always",
                        "security_context": [],
                        "service_account_name": "",
                        "share_process_namespace": false,
                        "subdomain": "",
                        "termination_grace_period_seconds": 30,
                        "toleration": [],
                        "topology_spread_constraint": [],
                        "volume": []
                      }
                    ]
                  }
                ]
              }
            ],
            "timeouts": null,
            "wait_for_rollout": true
          },
          "sensitive_attributes": [],
          "private": "eyJlMmJmYjczMC1lY2FhLTExZTYtOGY4OC0zNDM2M2JjN2M0YzAiOnsiY3JlYXRlIjo2MDAwMDAwMDAwMDAsImRlbGV0ZSI6NjAwMDAwMDAwMDAwLCJ1cGRhdGUiOjYwMDAwMDAwMDAwMH0sInNjaGVtYV92ZXJzaW9uIjoiMSJ9",
          "dependencies": [
            "data.aws_eks_cluster.cluster"
          ]
        }
      ]
    },
    {
      "mode": "managed",
      "type": "kubernetes_service",
      "name": "nginx",
      "provider": "provider[\"registry.terraform.io/hashicorp/kubernetes\"]",
      "instances": [
        {
          "schema_version": 1,
          "attributes": {
            "id": "default/nginx-example",
            "metadata": [
              {
                "annotations": null,
                "generate_name": "",
                "generation": 0,
                "labels": null,
                "name": "nginx-example",
                "namespace": "default",
                "resource_version": "159242",
                "self_link": "",
                "uid": "d454d219-be08-4b59-be2b-c6fe13558bbc"
              }
            ],
            "spec": [
              {
                "cluster_ip": "172.20.221.109",
                "external_ips": null,
                "external_name": "",
                "external_traffic_policy": "Cluster",
                "health_check_node_port": 0,
                "load_balancer_ip": "",
                "load_balancer_source_ranges": null,
                "port": [
                  {
                    "name": "",
                    "node_port": 32635,
                    "port": 80,
                    "protocol": "TCP",
                    "target_port": "80"
                  }
                ],
                "publish_not_ready_addresses": false,
                "selector": {
                  "App": "ScalableNginxExample"
                },
                "session_affinity": "None",
                "type": "LoadBalancer"
              }
            ],
            "status": [
              {
                "load_balancer": [
                  {
                    "ingress": [
                      {
                        "hostname": "ad454d219be084b59be2bc6fe13558bb-1880934318.us-east-1.elb.amazonaws.com",
                        "ip": ""
                      }
                    ]
                  }
                ]
              }
            ],
            "timeouts": null,
            "wait_for_load_balancer": true
          },
          "sensitive_attributes": [],
          "private": "eyJlMmJmYjczMC1lY2FhLTExZTYtOGY4OC0zNDM2M2JjN2M0YzAiOnsiY3JlYXRlIjo2MDAwMDAwMDAwMDB9LCJzY2hlbWFfdmVyc2lvbiI6IjEifQ==",
          "dependencies": [
            "data.aws_eks_cluster.cluster",
            "kubernetes_deployment.nginx"
          ]
        }
      ]
    }
  ]
}
